
Microsoft Visual Studio Solution File, Format Version 12.00
# Visual Studio Version 17
VisualStudioVersion = 17.4.33110.190
MinimumVisualStudioVersion = 10.0.40219.1
Project("{FAE04EC0-301F-11D3-BF4B-00C04F79EFBC}") = "GAME", "GAME\GAME.csproj", "{D85B93F8-73E5-4779-B856-F8C2B108775E}"
EndProject
Global
	GlobalSection(SolutionConfigurationPlatforms) = preSolution
		Debug|Any CPU = Debug|Any CPU
		Release|Any CPU = Release|Any CPU
	EndGlobalSection
	GlobalSection(ProjectConfigurationPlatforms) = postSolution
		{D85B93F8-73E5-4779-B856-F8C2B108775E}.Debug|Any CPU.ActiveCfg = Debug|Any CPU
		{D85B93F8-73E5-4779-B856-F8C2B108775E}.Debug|Any CPU.Build.0 = Debug|Any CPU
		{D85B93F8-73E5-4779-B856-F8C2B108775E}.Release|Any CPU.ActiveCfg = Release|Any CPU
		{D85B93F8-73E5-4779-B856-F8C2B108775E}.Release|Any CPU.Build.0 = Release|Any CPU
	EndGlobalSection
	GlobalSection(SolutionProperties) = preSolution
		HideSolutionNode = FALSE
	EndGlobalSection
	GlobalSection(ExtensibilityGlobals) = postSolution
		SolutionGuid = {A1B4D0E3-A4F0-4113-82C9-879FF280E43B}
	EndGlobalSection
EndGlobal
