
Microsoft Visual Studio Solution File, Format Version 11.00
# Visual Studio 2010
# SharpDevelop 5.1
Project("{FAE04EC0-301F-11D3-BF4B-00C04F79EFBC}") = "pz10", "pz10\pz10.csproj", "{F7ABB174-54B8-4E90-A818-363CCA6CA2A9}"
EndProject
Global
	GlobalSection(SolutionConfigurationPlatforms) = preSolution
		Debug|Any CPU = Debug|Any CPU
		Release|Any CPU = Release|Any CPU
	EndGlobalSection
	GlobalSection(ProjectConfigurationPlatforms) = postSolution
		{F7ABB174-54B8-4E90-A818-363CCA6CA2A9}.Debug|Any CPU.ActiveCfg = Debug|Any CPU
		{F7ABB174-54B8-4E90-A818-363CCA6CA2A9}.Debug|Any CPU.Build.0 = Debug|Any CPU
		{F7ABB174-54B8-4E90-A818-363CCA6CA2A9}.Release|Any CPU.ActiveCfg = Release|Any CPU
		{F7ABB174-54B8-4E90-A818-363CCA6CA2A9}.Release|Any CPU.Build.0 = Release|Any CPU
	EndGlobalSection
EndGlobal
