
Microsoft Visual Studio Solution File, Format Version 12.00
# Visual Studio Version 17
VisualStudioVersion = 17.2.32616.157
MinimumVisualStudioVersion = 10.0.40219.1
Project("{FAE04EC0-301F-11D3-BF4B-00C04F79EFBC}") = "ConsoleApp1", "ConsoleApp1.csproj", "{DBCD1EB2-443D-420A-92AE-FE602F283904}"
EndProject
Global
	GlobalSection(SolutionConfigurationPlatforms) = preSolution
		Debug|Any CPU = Debug|Any CPU
		Release|Any CPU = Release|Any CPU
	EndGlobalSection
	GlobalSection(ProjectConfigurationPlatforms) = postSolution
		{DBCD1EB2-443D-420A-92AE-FE602F283904}.Debug|Any CPU.ActiveCfg = Debug|Any CPU
		{DBCD1EB2-443D-420A-92AE-FE602F283904}.Debug|Any CPU.Build.0 = Debug|Any CPU
		{DBCD1EB2-443D-420A-92AE-FE602F283904}.Release|Any CPU.ActiveCfg = Release|Any CPU
		{DBCD1EB2-443D-420A-92AE-FE602F283904}.Release|Any CPU.Build.0 = Release|Any CPU
	EndGlobalSection
	GlobalSection(SolutionProperties) = preSolution
		HideSolutionNode = FALSE
	EndGlobalSection
	GlobalSection(ExtensibilityGlobals) = postSolution
		SolutionGuid = {6FE341E3-2996-4DCE-AC92-993C339A74BB}
	EndGlobalSection
EndGlobal
