
Microsoft Visual Studio Solution File, Format Version 12.00
# Visual Studio Version 17
VisualStudioVersion = 17.4.33213.308
MinimumVisualStudioVersion = 10.0.40219.1
Project("{FAE04EC0-301F-11D3-BF4B-00C04F79EFBC}") = "Wpfpz26", "Wpfpz26.csproj", "{514D4B45-1EA4-4970-B357-C345597D396A}"
EndProject
Project("{FAE04EC0-301F-11D3-BF4B-00C04F79EFBC}") = "RepairRequests2", "..\RepairRequests2\RepairRequests2.csproj", "{35390592-EEEA-4AB7-93CD-5BE2256BE003}"
EndProject
Global
	GlobalSection(SolutionConfigurationPlatforms) = preSolution
		Debug|Any CPU = Debug|Any CPU
		Release|Any CPU = Release|Any CPU
	EndGlobalSection
	GlobalSection(ProjectConfigurationPlatforms) = postSolution
		{514D4B45-1EA4-4970-B357-C345597D396A}.Debug|Any CPU.ActiveCfg = Debug|Any CPU
		{514D4B45-1EA4-4970-B357-C345597D396A}.Debug|Any CPU.Build.0 = Debug|Any CPU
		{514D4B45-1EA4-4970-B357-C345597D396A}.Release|Any CPU.ActiveCfg = Release|Any CPU
		{514D4B45-1EA4-4970-B357-C345597D396A}.Release|Any CPU.Build.0 = Release|Any CPU
		{35390592-EEEA-4AB7-93CD-5BE2256BE003}.Debug|Any CPU.ActiveCfg = Debug|Any CPU
		{35390592-EEEA-4AB7-93CD-5BE2256BE003}.Debug|Any CPU.Build.0 = Debug|Any CPU
		{35390592-EEEA-4AB7-93CD-5BE2256BE003}.Release|Any CPU.ActiveCfg = Release|Any CPU
		{35390592-EEEA-4AB7-93CD-5BE2256BE003}.Release|Any CPU.Build.0 = Release|Any CPU
	EndGlobalSection
	GlobalSection(SolutionProperties) = preSolution
		HideSolutionNode = FALSE
	EndGlobalSection
	GlobalSection(ExtensibilityGlobals) = postSolution
		SolutionGuid = {82C2A3CD-96F2-4901-B7D4-E42244E360F5}
	EndGlobalSection
EndGlobal
