
Microsoft Visual Studio Solution File, Format Version 12.00
# Visual Studio Version 16
VisualStudioVersion = 16.0.30320.27
MinimumVisualStudioVersion = 10.0.40219.1
Project("{FAE04EC0-301F-11D3-BF4B-00C04F79EFBC}") = "pz_calculator_Systems_MDK", "pz_calculator_Systems_MDK.csproj", "{5638D54A-3F12-435B-ADC6-054E00938D55}"
EndProject
Global
	GlobalSection(SolutionConfigurationPlatforms) = preSolution
		Debug|Any CPU = Debug|Any CPU
		Release|Any CPU = Release|Any CPU
	EndGlobalSection
	GlobalSection(ProjectConfigurationPlatforms) = postSolution
		{5638D54A-3F12-435B-ADC6-054E00938D55}.Debug|Any CPU.ActiveCfg = Debug|Any CPU
		{5638D54A-3F12-435B-ADC6-054E00938D55}.Debug|Any CPU.Build.0 = Debug|Any CPU
		{5638D54A-3F12-435B-ADC6-054E00938D55}.Release|Any CPU.ActiveCfg = Release|Any CPU
		{5638D54A-3F12-435B-ADC6-054E00938D55}.Release|Any CPU.Build.0 = Release|Any CPU
	EndGlobalSection
	GlobalSection(SolutionProperties) = preSolution
		HideSolutionNode = FALSE
	EndGlobalSection
	GlobalSection(ExtensibilityGlobals) = postSolution
		SolutionGuid = {BAFFE02C-1296-499C-BD07-2384FCD522BA}
	EndGlobalSection
EndGlobal
